
Microsoft Visual Studio Solution File, Format Version 12.00
# Visual Studio Version 16
VisualStudioVersion = 16.0.31702.278
MinimumVisualStudioVersion = 10.0.40219.1
Project("{FAE04EC0-301F-11D3-BF4B-00C04F79EFBC}") = "ConsoleApp1", "ConsoleApp1\ConsoleApp1.csproj", "{9920B048-9B3A-461F-9447-5207C8596733}"
EndProject
Global
	GlobalSection(SolutionConfigurationPlatforms) = preSolution
		Debug|Any CPU = Debug|Any CPU
		Release|Any CPU = Release|Any CPU
	EndGlobalSection
	GlobalSection(ProjectConfigurationPlatforms) = postSolution
		{9920B048-9B3A-461F-9447-5207C8596733}.Debug|Any CPU.ActiveCfg = Debug|Any CPU
		{9920B048-9B3A-461F-9447-5207C8596733}.Debug|Any CPU.Build.0 = Debug|Any CPU
		{9920B048-9B3A-461F-9447-5207C8596733}.Release|Any CPU.ActiveCfg = Release|Any CPU
		{9920B048-9B3A-461F-9447-5207C8596733}.Release|Any CPU.Build.0 = Release|Any CPU
	EndGlobalSection
	GlobalSection(SolutionProperties) = preSolution
		HideSolutionNode = FALSE
	EndGlobalSection
	GlobalSection(ExtensibilityGlobals) = postSolution
		SolutionGuid = {A4E7B6B0-92FA-4DD0-91AD-C18379B69A52}
	EndGlobalSection
EndGlobal
